
Microsoft Visual Studio Solution File, Format Version 12.00
# Visual Studio 15
VisualStudioVersion = 15.0.28307.572
MinimumVisualStudioVersion = 10.0.40219.1
Project("{FAE04EC0-301F-11D3-BF4B-00C04F79EFBC}") = "Fried-Chicken-Calculator", "Fried-Chicken-Calculator\Fried-Chicken-Calculator.csproj", "{2627576A-C7F1-431D-A25C-B9D0088C570A}"
EndProject
Project("{2150E333-8FDC-42A3-9474-1A3956D46DE8}") = "项目记录", "项目记录", "{7285DDC2-DEB3-4AEC-AC47-D1854361C8E0}"
	ProjectSection(SolutionItems) = preProject
		README.md = README.md
	EndProjectSection
EndProject
Global
	GlobalSection(SolutionConfigurationPlatforms) = preSolution
		Debug|Any CPU = Debug|Any CPU
		Release|Any CPU = Release|Any CPU
	EndGlobalSection
	GlobalSection(ProjectConfigurationPlatforms) = postSolution
		{2627576A-C7F1-431D-A25C-B9D0088C570A}.Debug|Any CPU.ActiveCfg = Debug|Any CPU
		{2627576A-C7F1-431D-A25C-B9D0088C570A}.Debug|Any CPU.Build.0 = Debug|Any CPU
		{2627576A-C7F1-431D-A25C-B9D0088C570A}.Release|Any CPU.ActiveCfg = Release|Any CPU
		{2627576A-C7F1-431D-A25C-B9D0088C570A}.Release|Any CPU.Build.0 = Release|Any CPU
	EndGlobalSection
	GlobalSection(SolutionProperties) = preSolution
		HideSolutionNode = FALSE
	EndGlobalSection
	GlobalSection(ExtensibilityGlobals) = postSolution
		SolutionGuid = {032E467A-9766-4B98-859F-D90D1FDF0ABC}
	EndGlobalSection
EndGlobal
